// !$*UTF8*$!
{
	archiveVersion = 1;
	classes = {
	};
	objectVersion = 50;
	objects = {

/* Begin PBXBuildFile section */
		BE1D25E327B14C960013469D /* calculatorSwiftUIApp.swift in Sources */ = {isa = PBXBuildFile; fileRef = BE1D25E227B14C960013469D /* calculatorSwiftUIApp.swift */; };
		BE1D25E527B14C960013469D /* ContentView.swift in Sources */ = {isa = PBXBuildFile; fileRef = BE1D25E427B14C960013469D /* ContentView.swift */; };
		BE1D25E727B14C970013469D /* Assets.xcassets in Resources */ = {isa = PBXBuildFile; fileRef = BE1D25E627B14C970013469D /* Assets.xcassets */; };
		BE1D25EA27B14C970013469D /* Preview Assets.xcassets in Resources */ = {isa = PBXBuildFile; fileRef = BE1D25E927B14C970013469D /* Preview Assets.xcassets */; };
		BE1D25F427B14EB30013469D /* Digital.otf in Resources */ = {isa = PBXBuildFile; fileRef = BE1D25F327B14EB30013469D /* Digital.otf */; };
		BE1D25F727B14EF70013469D /* Montserrat-Bold.ttf in Resources */ = {isa = PBXBuildFile; fileRef = BE1D25F627B14EF70013469D /* Montserrat-Bold.ttf */; };
		BE1D260127B152D50013469D /* MuseoSansCyrl-700.ttf in Resources */ = {isa = PBXBuildFile; fileRef = BE1D260027B152D50013469D /* MuseoSansCyrl-700.ttf */; };
		BE1D260A27B1865B0013469D /* ScreenView.swift in Sources */ = {isa = PBXBuildFile; fileRef = BE1D260927B1865B0013469D /* ScreenView.swift */; };
		BE404DFC27B6552900142D02 /* digital-7.ttf in Resources */ = {isa = PBXBuildFile; fileRef = BE404DFB27B6552900142D02 /* digital-7.ttf */; };
		BE404DFF27B6559600142D02 /* digital-7mono.ttf in Resources */ = {isa = PBXBuildFile; fileRef = BE404DFE27B6559600142D02 /* digital-7mono.ttf */; };
		BE404E0327B65A8700142D02 /* DigitalNumbers-Regular.ttf in Resources */ = {isa = PBXBuildFile; fileRef = BE404E0227B65A8700142D02 /* DigitalNumbers-Regular.ttf */; };
		BE7F213D27B6502000254C83 /* Digitalnumbers.ttf in Resources */ = {isa = PBXBuildFile; fileRef = BE7F213C27B6502000254C83 /* Digitalnumbers.ttf */; };
		BEB336FE27B531360014E4A0 /* CalcButtons.swift in Sources */ = {isa = PBXBuildFile; fileRef = BEB336FD27B531360014E4A0 /* CalcButtons.swift */; };
		BEB3370327B574D40014E4A0 /* KeyboardView.swift in Sources */ = {isa = PBXBuildFile; fileRef = BEB3370227B574D40014E4A0 /* KeyboardView.swift */; };
/* End PBXBuildFile section */

/* Begin PBXFileReference section */
		BE1D25DF27B14C960013469D /* calculatorSwiftUI.app */ = {isa = PBXFileReference; explicitFileType = wrapper.application; includeInIndex = 0; path = calculatorSwiftUI.app; sourceTree = BUILT_PRODUCTS_DIR; };
		BE1D25E227B14C960013469D /* calculatorSwiftUIApp.swift */ = {isa = PBXFileReference; lastKnownFileType = sourcecode.swift; path = calculatorSwiftUIApp.swift; sourceTree = "<group>"; };
		BE1D25E427B14C960013469D /* ContentView.swift */ = {isa = PBXFileReference; lastKnownFileType = sourcecode.swift; path = ContentView.swift; sourceTree = "<group>"; };
		BE1D25E627B14C970013469D /* Assets.xcassets */ = {isa = PBXFileReference; lastKnownFileType = folder.assetcatalog; path = Assets.xcassets; sourceTree = "<group>"; };
		BE1D25E927B14C970013469D /* Preview Assets.xcassets */ = {isa = PBXFileReference; lastKnownFileType = folder.assetcatalog; path = "Preview Assets.xcassets"; sourceTree = "<group>"; };
		BE1D25EB27B14C970013469D /* Info.plist */ = {isa = PBXFileReference; lastKnownFileType = text.plist.xml; path = Info.plist; sourceTree = "<group>"; };
		BE1D25F327B14EB30013469D /* Digital.otf */ = {isa = PBXFileReference; lastKnownFileType = file; path = Digital.otf; sourceTree = "<group>"; };
		BE1D25F627B14EF70013469D /* Montserrat-Bold.ttf */ = {isa = PBXFileReference; lastKnownFileType = file; path = "Montserrat-Bold.ttf"; sourceTree = "<group>"; };
		BE1D260027B152D50013469D /* MuseoSansCyrl-700.ttf */ = {isa = PBXFileReference; lastKnownFileType = file; path = "MuseoSansCyrl-700.ttf"; sourceTree = "<group>"; };
		BE1D260927B1865B0013469D /* ScreenView.swift */ = {isa = PBXFileReference; lastKnownFileType = sourcecode.swift; path = ScreenView.swift; sourceTree = "<group>"; };
		BE404DFB27B6552900142D02 /* digital-7.ttf */ = {isa = PBXFileReference; lastKnownFileType = file; path = "digital-7.ttf"; sourceTree = "<group>"; };
		BE404DFE27B6559600142D02 /* digital-7mono.ttf */ = {isa = PBXFileReference; lastKnownFileType = file; path = "digital-7mono.ttf"; sourceTree = "<group>"; };
		BE404E0227B65A8700142D02 /* DigitalNumbers-Regular.ttf */ = {isa = PBXFileReference; lastKnownFileType = file; path = "DigitalNumbers-Regular.ttf"; sourceTree = "<group>"; };
		BE7F213C27B6502000254C83 /* Digitalnumbers.ttf */ = {isa = PBXFileReference; lastKnownFileType = file; path = Digitalnumbers.ttf; sourceTree = "<group>"; };
		BEB336FD27B531360014E4A0 /* CalcButtons.swift */ = {isa = PBXFileReference; lastKnownFileType = sourcecode.swift; path = CalcButtons.swift; sourceTree = "<group>"; };
		BEB3370227B574D40014E4A0 /* KeyboardView.swift */ = {isa = PBXFileReference; lastKnownFileType = sourcecode.swift; path = KeyboardView.swift; sourceTree = "<group>"; };
/* End PBXFileReference section */

/* Begin PBXFrameworksBuildPhase section */
		BE1D25DC27B14C960013469D /* Frameworks */ = {
			isa = PBXFrameworksBuildPhase;
			buildActionMask = 2147483647;
			files = (
			);
			runOnlyForDeploymentPostprocessing = 0;
		};
/* End PBXFrameworksBuildPhase section */

/* Begin PBXGroup section */
		BE1D25D627B14C960013469D = {
			isa = PBXGroup;
			children = (
				BE1D25E127B14C960013469D /* calculatorSwiftUI */,
				BE1D25E027B14C960013469D /* Products */,
			);
			sourceTree = "<group>";
		};
		BE1D25E027B14C960013469D /* Products */ = {
			isa = PBXGroup;
			children = (
				BE1D25DF27B14C960013469D /* calculatorSwiftUI.app */,
			);
			name = Products;
			sourceTree = "<group>";
		};
		BE1D25E127B14C960013469D /* calculatorSwiftUI */ = {
			isa = PBXGroup;
			children = (
				BE1D25E227B14C960013469D /* calculatorSwiftUIApp.swift */,
				BE1D25E427B14C960013469D /* ContentView.swift */,
				BE1D260927B1865B0013469D /* ScreenView.swift */,
				BEB3370227B574D40014E4A0 /* KeyboardView.swift */,
				BE1D25E627B14C970013469D /* Assets.xcassets */,
				BE1D25EB27B14C970013469D /* Info.plist */,
				BE1D25F227B14E690013469D /* Fonts */,
				BE1D25E827B14C970013469D /* Preview Content */,
				BEB336FD27B531360014E4A0 /* CalcButtons.swift */,
			);
			path = calculatorSwiftUI;
			sourceTree = "<group>";
		};
		BE1D25E827B14C970013469D /* Preview Content */ = {
			isa = PBXGroup;
			children = (
				BE1D25E927B14C970013469D /* Preview Assets.xcassets */,
			);
			path = "Preview Content";
			sourceTree = "<group>";
		};
		BE1D25F227B14E690013469D /* Fonts */ = {
			isa = PBXGroup;
			children = (
				BE404E0227B65A8700142D02 /* DigitalNumbers-Regular.ttf */,
				BE404DFE27B6559600142D02 /* digital-7mono.ttf */,
				BE404DFB27B6552900142D02 /* digital-7.ttf */,
				BE7F213C27B6502000254C83 /* Digitalnumbers.ttf */,
				BE1D25F627B14EF70013469D /* Montserrat-Bold.ttf */,
				BE1D25F327B14EB30013469D /* Digital.otf */,
				BE1D260027B152D50013469D /* MuseoSansCyrl-700.ttf */,
			);
			path = Fonts;
			sourceTree = "<group>";
		};
/* End PBXGroup section */

/* Begin PBXNativeTarget section */
		BE1D25DE27B14C960013469D /* calculatorSwiftUI */ = {
			isa = PBXNativeTarget;
			buildConfigurationList = BE1D25EE27B14C970013469D /* Build configuration list for PBXNativeTarget "calculatorSwiftUI" */;
			buildPhases = (
				BE1D25DB27B14C960013469D /* Sources */,
				BE1D25DC27B14C960013469D /* Frameworks */,
				BE1D25DD27B14C960013469D /* Resources */,
			);
			buildRules = (
			);
			dependencies = (
			);
			name = calculatorSwiftUI;
			productName = calculatorSwiftUI;
			productReference = BE1D25DF27B14C960013469D /* calculatorSwiftUI.app */;
			productType = "com.apple.product-type.application";
		};
/* End PBXNativeTarget section */

/* Begin PBXProject section */
		BE1D25D727B14C960013469D /* Project object */ = {
			isa = PBXProject;
			attributes = {
				LastSwiftUpdateCheck = 1240;
				LastUpgradeCheck = 1240;
				TargetAttributes = {
					BE1D25DE27B14C960013469D = {
						CreatedOnToolsVersion = 12.4;
					};
				};
			};
			buildConfigurationList = BE1D25DA27B14C960013469D /* Build configuration list for PBXProject "calculatorSwiftUI" */;
			compatibilityVersion = "Xcode 9.3";
			developmentRegion = en;
			hasScannedForEncodings = 0;
			knownRegions = (
				en,
				Base,
			);
			mainGroup = BE1D25D627B14C960013469D;
			productRefGroup = BE1D25E027B14C960013469D /* Products */;
			projectDirPath = "";
			projectRoot = "";
			targets = (
				BE1D25DE27B14C960013469D /* calculatorSwiftUI */,
			);
		};
/* End PBXProject section */

/* Begin PBXResourcesBuildPhase section */
		BE1D25DD27B14C960013469D /* Resources */ = {
			isa = PBXResourcesBuildPhase;
			buildActionMask = 2147483647;
			files = (
				BE1D260127B152D50013469D /* MuseoSansCyrl-700.ttf in Resources */,
				BE7F213D27B6502000254C83 /* Digitalnumbers.ttf in Resources */,
				BE1D25F727B14EF70013469D /* Montserrat-Bold.ttf in Resources */,
				BE404DFC27B6552900142D02 /* digital-7.ttf in Resources */,
				BE404DFF27B6559600142D02 /* digital-7mono.ttf in Resources */,
				BE1D25EA27B14C970013469D /* Preview Assets.xcassets in Resources */,
				BE1D25E727B14C970013469D /* Assets.xcassets in Resources */,
				BE404E0327B65A8700142D02 /* DigitalNumbers-Regular.ttf in Resources */,
				BE1D25F427B14EB30013469D /* Digital.otf in Resources */,
			);
			runOnlyForDeploymentPostprocessing = 0;
		};
/* End PBXResourcesBuildPhase section */

/* Begin PBXSourcesBuildPhase section */
		BE1D25DB27B14C960013469D /* Sources */ = {
			isa = PBXSourcesBuildPhase;
			buildActionMask = 2147483647;
			files = (
				BE1D260A27B1865B0013469D /* ScreenView.swift in Sources */,
				BE1D25E527B14C960013469D /* ContentView.swift in Sources */,
				BEB336FE27B531360014E4A0 /* CalcButtons.swift in Sources */,
				BEB3370327B574D40014E4A0 /* KeyboardView.swift in Sources */,
				BE1D25E327B14C960013469D /* calculatorSwiftUIApp.swift in Sources */,
			);
			runOnlyForDeploymentPostprocessing = 0;
		};
/* End PBXSourcesBuildPhase section */

/* Begin XCBuildConfiguration section */
		BE1D25EC27B14C970013469D /* Debug */ = {
			isa = XCBuildConfiguration;
			buildSettings = {
				ALWAYS_SEARCH_USER_PATHS = NO;
				CLANG_ANALYZER_NONNULL = YES;
				CLANG_ANALYZER_NUMBER_OBJECT_CONVERSION = YES_AGGRESSIVE;
				CLANG_CXX_LANGUAGE_STANDARD = "gnu++14";
				CLANG_CXX_LIBRARY = "libc++";
				CLANG_ENABLE_MODULES = YES;
				CLANG_ENABLE_OBJC_ARC = YES;
				CLANG_ENABLE_OBJC_WEAK = YES;
				CLANG_WARN_BLOCK_CAPTURE_AUTORELEASING = YES;
				CLANG_WARN_BOOL_CONVERSION = YES;
				CLANG_WARN_COMMA = YES;
				CLANG_WARN_CONSTANT_CONVERSION = YES;
				CLANG_WARN_DEPRECATED_OBJC_IMPLEMENTATIONS = YES;
				CLANG_WARN_DIRECT_OBJC_ISA_USAGE = YES_ERROR;
				CLANG_WARN_DOCUMENTATION_COMMENTS = YES;
				CLANG_WARN_EMPTY_BODY = YES;
				CLANG_WARN_ENUM_CONVERSION = YES;
				CLANG_WARN_INFINITE_RECURSION = YES;
				CLANG_WARN_INT_CONVERSION = YES;
				CLANG_WARN_NON_LITERAL_NULL_CONVERSION = YES;
				CLANG_WARN_OBJC_IMPLICIT_RETAIN_SELF = YES;
				CLANG_WARN_OBJC_LITERAL_CONVERSION = YES;
				CLANG_WARN_OBJC_ROOT_CLASS = YES_ERROR;
				CLANG_WARN_QUOTED_INCLUDE_IN_FRAMEWORK_HEADER = YES;
				CLANG_WARN_RANGE_LOOP_ANALYSIS = YES;
				CLANG_WARN_STRICT_PROTOTYPES = YES;
				CLANG_WARN_SUSPICIOUS_MOVE = YES;
				CLANG_WARN_UNGUARDED_AVAILABILITY = YES_AGGRESSIVE;
				CLANG_WARN_UNREACHABLE_CODE = YES;
				CLANG_WARN__DUPLICATE_METHOD_MATCH = YES;
				COPY_PHASE_STRIP = NO;
				DEBUG_INFORMATION_FORMAT = dwarf;
				ENABLE_STRICT_OBJC_MSGSEND = YES;
				ENABLE_TESTABILITY = YES;
				GCC_C_LANGUAGE_STANDARD = gnu11;
				GCC_DYNAMIC_NO_PIC = NO;
				GCC_NO_COMMON_BLOCKS = YES;
				GCC_OPTIMIZATION_LEVEL = 0;
				GCC_PREPROCESSOR_DEFINITIONS = (
					"DEBUG=1",
					"$(inherited)",
				);
				GCC_WARN_64_TO_32_BIT_CONVERSION = YES;
				GCC_WARN_ABOUT_RETURN_TYPE = YES_ERROR;
				GCC_WARN_UNDECLARED_SELECTOR = YES;
				GCC_WARN_UNINITIALIZED_AUTOS = YES_AGGRESSIVE;
				GCC_WARN_UNUSED_FUNCTION = YES;
				GCC_WARN_UNUSED_VARIABLE = YES;
				IPHONEOS_DEPLOYMENT_TARGET = 14.4;
				MTL_ENABLE_DEBUG_INFO = INCLUDE_SOURCE;
				MTL_FAST_MATH = YES;
				ONLY_ACTIVE_ARCH = YES;
				SDKROOT = iphoneos;
				SWIFT_ACTIVE_COMPILATION_CONDITIONS = DEBUG;
				SWIFT_OPTIMIZATION_LEVEL = "-Onone";
			};
			name = Debug;
		};
		BE1D25ED27B14C970013469D /* Release */ = {
			isa = XCBuildConfiguration;
			buildSettings = {
				ALWAYS_SEARCH_USER_PATHS = NO;
				CLANG_ANALYZER_NONNULL = YES;
				CLANG_ANALYZER_NUMBER_OBJECT_CONVERSION = YES_AGGRESSIVE;
				CLANG_CXX_LANGUAGE_STANDARD = "gnu++14";
				CLANG_CXX_LIBRARY = "libc++";
				CLANG_ENABLE_MODULES = YES;
				CLANG_ENABLE_OBJC_ARC = YES;
				CLANG_ENABLE_OBJC_WEAK = YES;
				CLANG_WARN_BLOCK_CAPTURE_AUTORELEASING = YES;
				CLANG_WARN_BOOL_CONVERSION = YES;
				CLANG_WARN_COMMA = YES;
				CLANG_WARN_CONSTANT_CONVERSION = YES;
				CLANG_WARN_DEPRECATED_OBJC_IMPLEMENTATIONS = YES;
				CLANG_WARN_DIRECT_OBJC_ISA_USAGE = YES_ERROR;
				CLANG_WARN_DOCUMENTATION_COMMENTS = YES;
				CLANG_WARN_EMPTY_BODY = YES;
				CLANG_WARN_ENUM_CONVERSION = YES;
				CLANG_WARN_INFINITE_RECURSION = YES;
				CLANG_WARN_INT_CONVERSION = YES;
				CLANG_WARN_NON_LITERAL_NULL_CONVERSION = YES;
				CLANG_WARN_OBJC_IMPLICIT_RETAIN_SELF = YES;
				CLANG_WARN_OBJC_LITERAL_CONVERSION = YES;
				CLANG_WARN_OBJC_ROOT_CLASS = YES_ERROR;
				CLANG_WARN_QUOTED_INCLUDE_IN_FRAMEWORK_HEADER = YES;
				CLANG_WARN_RANGE_LOOP_ANALYSIS = YES;
				CLANG_WARN_STRICT_PROTOTYPES = YES;
				CLANG_WARN_SUSPICIOUS_MOVE = YES;
				CLANG_WARN_UNGUARDED_AVAILABILITY = YES_AGGRESSIVE;
				CLANG_WARN_UNREACHABLE_CODE = YES;
				CLANG_WARN__DUPLICATE_METHOD_MATCH = YES;
				COPY_PHASE_STRIP = NO;
				DEBUG_INFORMATION_FORMAT = "dwarf-with-dsym";
				ENABLE_NS_ASSERTIONS = NO;
				ENABLE_STRICT_OBJC_MSGSEND = YES;
				GCC_C_LANGUAGE_STANDARD = gnu11;
				GCC_NO_COMMON_BLOCKS = YES;
				GCC_WARN_64_TO_32_BIT_CONVERSION = YES;
				GCC_WARN_ABOUT_RETURN_TYPE = YES_ERROR;
				GCC_WARN_UNDECLARED_SELECTOR = YES;
				GCC_WARN_UNINITIALIZED_AUTOS = YES_AGGRESSIVE;
				GCC_WARN_UNUSED_FUNCTION = YES;
				GCC_WARN_UNUSED_VARIABLE = YES;
				IPHONEOS_DEPLOYMENT_TARGET = 14.4;
				MTL_ENABLE_DEBUG_INFO = NO;
				MTL_FAST_MATH = YES;
				SDKROOT = iphoneos;
				SWIFT_COMPILATION_MODE = wholemodule;
				SWIFT_OPTIMIZATION_LEVEL = "-O";
				VALIDATE_PRODUCT = YES;
			};
			name = Release;
		};
		BE1D25EF27B14C970013469D /* Debug */ = {
			isa = XCBuildConfiguration;
			buildSettings = {
				ASSETCATALOG_COMPILER_APPICON_NAME = AppIcon;
				ASSETCATALOG_COMPILER_GLOBAL_ACCENT_COLOR_NAME = AccentColor;
				CODE_SIGN_STYLE = Automatic;
				DEVELOPMENT_ASSET_PATHS = "\"calculatorSwiftUI/Preview Content\"";
				DEVELOPMENT_TEAM = R5CRVUNLL9;
				ENABLE_PREVIEWS = YES;
				INFOPLIST_FILE = calculatorSwiftUI/Info.plist;
				IPHONEOS_DEPLOYMENT_TARGET = 14.0;
				LD_RUNPATH_SEARCH_PATHS = (
					"$(inherited)",
					"@executable_path/Frameworks",
				);
				PRODUCT_BUNDLE_IDENTIFIER = team1.calculatorSwiftUI;
				PRODUCT_NAME = "$(TARGET_NAME)";
				SWIFT_VERSION = 5.0;
				TARGETED_DEVICE_FAMILY = "1,2";
			};
			name = Debug;
		};
		BE1D25F027B14C970013469D /* Release */ = {
			isa = XCBuildConfiguration;
			buildSettings = {
				ASSETCATALOG_COMPILER_APPICON_NAME = AppIcon;
				ASSETCATALOG_COMPILER_GLOBAL_ACCENT_COLOR_NAME = AccentColor;
				CODE_SIGN_STYLE = Automatic;
				DEVELOPMENT_ASSET_PATHS = "\"calculatorSwiftUI/Preview Content\"";
				DEVELOPMENT_TEAM = R5CRVUNLL9;
				ENABLE_PREVIEWS = YES;
				INFOPLIST_FILE = calculatorSwiftUI/Info.plist;
				IPHONEOS_DEPLOYMENT_TARGET = 14.0;
				LD_RUNPATH_SEARCH_PATHS = (
					"$(inherited)",
					"@executable_path/Frameworks",
				);
				PRODUCT_BUNDLE_IDENTIFIER = team1.calculatorSwiftUI;
				PRODUCT_NAME = "$(TARGET_NAME)";
				SWIFT_VERSION = 5.0;
				TARGETED_DEVICE_FAMILY = "1,2";
			};
			name = Release;
		};
/* End XCBuildConfiguration section */

/* Begin XCConfigurationList section */
		BE1D25DA27B14C960013469D /* Build configuration list for PBXProject "calculatorSwiftUI" */ = {
			isa = XCConfigurationList;
			buildConfigurations = (
				BE1D25EC27B14C970013469D /* Debug */,
				BE1D25ED27B14C970013469D /* Release */,
			);
			defaultConfigurationIsVisible = 0;
			defaultConfigurationName = Release;
		};
		BE1D25EE27B14C970013469D /* Build configuration list for PBXNativeTarget "calculatorSwiftUI" */ = {
			isa = XCConfigurationList;
			buildConfigurations = (
				BE1D25EF27B14C970013469D /* Debug */,
				BE1D25F027B14C970013469D /* Release */,
			);
			defaultConfigurationIsVisible = 0;
			defaultConfigurationName = Release;
		};
/* End XCConfigurationList section */
	};
	rootObject = BE1D25D727B14C960013469D /* Project object */;
}
